
Microsoft Visual Studio Solution File, Format Version 12.00
# Visual Studio Version 17
VisualStudioVersion = 17.0.31903.59
MinimumVisualStudioVersion = 10.0.40219.1
Project("{2150E333-8FDC-42A3-9474-1A3956D46DE8}") = "src", "src", "{827E0CD3-B72D-47B6-A68D-7590B98EB39B}"
EndProject
Project("{FAE04EC0-301F-11D3-BF4B-00C04F79EFBC}") = "Smdb.Core", "src\Smdb.Core\Smdb.Core.csproj", "{9261B524-EF48-4B06-8347-B448D32177B4}"
EndProject
Project("{2150E333-8FDC-42A3-9474-1A3956D46DE8}") = "tests", "tests", "{0AB3BF05-4346-4AA6-1389-037BE0695223}"
EndProject
Project("{FAE04EC0-301F-11D3-BF4B-00C04F79EFBC}") = "Smdb.Core.Test", "tests\Smdb.Core.Test\Smdb.Core.Test.csproj", "{9C5B3E6E-2F42-4341-8975-5088B2320E54}"
EndProject
Project("{FAE04EC0-301F-11D3-BF4B-00C04F79EFBC}") = "Smdb.Api", "src\Smdb.Api\Smdb.Api.csproj", "{D300E85E-3C1A-4611-914F-921A0B6C56BA}"
EndProject
Project("{FAE04EC0-301F-11D3-BF4B-00C04F79EFBC}") = "Smdb.Api.Test", "tests\Smdb.Api.Test\Smdb.Api.Test.csproj", "{5A74D877-5DA9-49A8-9D2E-3F360CED1538}"
EndProject
Global
	GlobalSection(SolutionConfigurationPlatforms) = preSolution
		Debug|Any CPU = Debug|Any CPU
		Debug|x64 = Debug|x64
		Debug|x86 = Debug|x86
		Release|Any CPU = Release|Any CPU
		Release|x64 = Release|x64
		Release|x86 = Release|x86
	EndGlobalSection
	GlobalSection(ProjectConfigurationPlatforms) = postSolution
		{9261B524-EF48-4B06-8347-B448D32177B4}.Debug|Any CPU.ActiveCfg = Debug|Any CPU
		{9261B524-EF48-4B06-8347-B448D32177B4}.Debug|Any CPU.Build.0 = Debug|Any CPU
		{9261B524-EF48-4B06-8347-B448D32177B4}.Debug|x64.ActiveCfg = Debug|Any CPU
		{9261B524-EF48-4B06-8347-B448D32177B4}.Debug|x64.Build.0 = Debug|Any CPU
		{9261B524-EF48-4B06-8347-B448D32177B4}.Debug|x86.ActiveCfg = Debug|Any CPU
		{9261B524-EF48-4B06-8347-B448D32177B4}.Debug|x86.Build.0 = Debug|Any CPU
		{9261B524-EF48-4B06-8347-B448D32177B4}.Release|Any CPU.ActiveCfg = Release|Any CPU
		{9261B524-EF48-4B06-8347-B448D32177B4}.Release|Any CPU.Build.0 = Release|Any CPU
		{9261B524-EF48-4B06-8347-B448D32177B4}.Release|x64.ActiveCfg = Release|Any CPU
		{9261B524-EF48-4B06-8347-B448D32177B4}.Release|x64.Build.0 = Release|Any CPU
		{9261B524-EF48-4B06-8347-B448D32177B4}.Release|x86.ActiveCfg = Release|Any CPU
		{9261B524-EF48-4B06-8347-B448D32177B4}.Release|x86.Build.0 = Release|Any CPU
		{9C5B3E6E-2F42-4341-8975-5088B2320E54}.Debug|Any CPU.ActiveCfg = Debug|Any CPU
		{9C5B3E6E-2F42-4341-8975-5088B2320E54}.Debug|Any CPU.Build.0 = Debug|Any CPU
		{9C5B3E6E-2F42-4341-8975-5088B2320E54}.Debug|x64.ActiveCfg = Debug|Any CPU
		{9C5B3E6E-2F42-4341-8975-5088B2320E54}.Debug|x64.Build.0 = Debug|Any CPU
		{9C5B3E6E-2F42-4341-8975-5088B2320E54}.Debug|x86.ActiveCfg = Debug|Any CPU
		{9C5B3E6E-2F42-4341-8975-5088B2320E54}.Debug|x86.Build.0 = Debug|Any CPU
		{9C5B3E6E-2F42-4341-8975-5088B2320E54}.Release|Any CPU.ActiveCfg = Release|Any CPU
		{9C5B3E6E-2F42-4341-8975-5088B2320E54}.Release|Any CPU.Build.0 = Release|Any CPU
		{9C5B3E6E-2F42-4341-8975-5088B2320E54}.Release|x64.ActiveCfg = Release|Any CPU
		{9C5B3E6E-2F42-4341-8975-5088B2320E54}.Release|x64.Build.0 = Release|Any CPU
		{9C5B3E6E-2F42-4341-8975-5088B2320E54}.Release|x86.ActiveCfg = Release|Any CPU
		{9C5B3E6E-2F42-4341-8975-5088B2320E54}.Release|x86.Build.0 = Release|Any CPU
		{D300E85E-3C1A-4611-914F-921A0B6C56BA}.Debug|Any CPU.ActiveCfg = Debug|Any CPU
		{D300E85E-3C1A-4611-914F-921A0B6C56BA}.Debug|Any CPU.Build.0 = Debug|Any CPU
		{D300E85E-3C1A-4611-914F-921A0B6C56BA}.Debug|x64.ActiveCfg = Debug|Any CPU
		{D300E85E-3C1A-4611-914F-921A0B6C56BA}.Debug|x64.Build.0 = Debug|Any CPU
		{D300E85E-3C1A-4611-914F-921A0B6C56BA}.Debug|x86.ActiveCfg = Debug|Any CPU
		{D300E85E-3C1A-4611-914F-921A0B6C56BA}.Debug|x86.Build.0 = Debug|Any CPU
		{D300E85E-3C1A-4611-914F-921A0B6C56BA}.Release|Any CPU.ActiveCfg = Release|Any CPU
		{D300E85E-3C1A-4611-914F-921A0B6C56BA}.Release|Any CPU.Build.0 = Release|Any CPU
		{D300E85E-3C1A-4611-914F-921A0B6C56BA}.Release|x64.ActiveCfg = Release|Any CPU
		{D300E85E-3C1A-4611-914F-921A0B6C56BA}.Release|x64.Build.0 = Release|Any CPU
		{D300E85E-3C1A-4611-914F-921A0B6C56BA}.Release|x86.ActiveCfg = Release|Any CPU
		{D300E85E-3C1A-4611-914F-921A0B6C56BA}.Release|x86.Build.0 = Release|Any CPU
		{5A74D877-5DA9-49A8-9D2E-3F360CED1538}.Debug|Any CPU.ActiveCfg = Debug|Any CPU
		{5A74D877-5DA9-49A8-9D2E-3F360CED1538}.Debug|Any CPU.Build.0 = Debug|Any CPU
		{5A74D877-5DA9-49A8-9D2E-3F360CED1538}.Debug|x64.ActiveCfg = Debug|Any CPU
		{5A74D877-5DA9-49A8-9D2E-3F360CED1538}.Debug|x64.Build.0 = Debug|Any CPU
		{5A74D877-5DA9-49A8-9D2E-3F360CED1538}.Debug|x86.ActiveCfg = Debug|Any CPU
		{5A74D877-5DA9-49A8-9D2E-3F360CED1538}.Debug|x86.Build.0 = Debug|Any CPU
		{5A74D877-5DA9-49A8-9D2E-3F360CED1538}.Release|Any CPU.ActiveCfg = Release|Any CPU
		{5A74D877-5DA9-49A8-9D2E-3F360CED1538}.Release|Any CPU.Build.0 = Release|Any CPU
		{5A74D877-5DA9-49A8-9D2E-3F360CED1538}.Release|x64.ActiveCfg = Release|Any CPU
		{5A74D877-5DA9-49A8-9D2E-3F360CED1538}.Release|x64.Build.0 = Release|Any CPU
		{5A74D877-5DA9-49A8-9D2E-3F360CED1538}.Release|x86.ActiveCfg = Release|Any CPU
		{5A74D877-5DA9-49A8-9D2E-3F360CED1538}.Release|x86.Build.0 = Release|Any CPU
	EndGlobalSection
	GlobalSection(SolutionProperties) = preSolution
		HideSolutionNode = FALSE
	EndGlobalSection
	GlobalSection(NestedProjects) = preSolution
		{9261B524-EF48-4B06-8347-B448D32177B4} = {827E0CD3-B72D-47B6-A68D-7590B98EB39B}
		{9C5B3E6E-2F42-4341-8975-5088B2320E54} = {0AB3BF05-4346-4AA6-1389-037BE0695223}
		{D300E85E-3C1A-4611-914F-921A0B6C56BA} = {827E0CD3-B72D-47B6-A68D-7590B98EB39B}
		{5A74D877-5DA9-49A8-9D2E-3F360CED1538} = {0AB3BF05-4346-4AA6-1389-037BE0695223}
	EndGlobalSection
EndGlobal
